// !$*UTF8*$!
{
	archiveVersion = 1;
	classes = {
	};
	objectVersion = 77;
	objects = {

/* Begin PBXBuildFile section */
		04885DA006A7F9D402450132 /* WindowContext.swift in Sources */ = {isa = PBXBuildFile; fileRef = 9D8662706F495A0DA4CCB1F0 /* WindowContext.swift */; };
		0DA3A254039F1EEA04FB94DB /* AppSettings.swift in Sources */ = {isa = PBXBuildFile; fileRef = D8EB47950FCB5E9637572424 /* AppSettings.swift */; };
		14559BCDE89A0A2CA5FD8022 /* ShellCommandRunnerTests.swift in Sources */ = {isa = PBXBuildFile; fileRef = 443B856819FD330809E0722A /* ShellCommandRunnerTests.swift */; };
		194928F8929DB9A37A2B9B96 /* TreemuxGhosttyController.swift in Sources */ = {isa = PBXBuildFile; fileRef = 3B99E6A1366954D8A221B273 /* TreemuxGhosttyController.swift */; };
		2378FC48E7C0FDF16337AE95 /* WorkspaceStore.swift in Sources */ = {isa = PBXBuildFile; fileRef = A22F2A407A07989DE172DA3A /* WorkspaceStore.swift */; };
		28E15CC897C8BE956B0DCF02 /* main.swift in Sources */ = {isa = PBXBuildFile; fileRef = 73E706B2F099E80FFCC6F47D /* main.swift */; };
		2C0D2D1CDB0C7DDD9C2487E9 /* SessionBackendTests.swift in Sources */ = {isa = PBXBuildFile; fileRef = DE6931E2152155F3F99223FC /* SessionBackendTests.swift */; };
		309F402A9FFCA18BA24D7BD4 /* PersistenceTests.swift in Sources */ = {isa = PBXBuildFile; fileRef = 656D4A17827E564EDD5A8918 /* PersistenceTests.swift */; };
		320E9CBA68B37DFD4F22711A /* WorkspaceDetailView.swift in Sources */ = {isa = PBXBuildFile; fileRef = E45B70C0F236F9F0FA025A53 /* WorkspaceDetailView.swift */; };
		3342176CAA82F4D5A9EA3AC0 /* SplitNodeView.swift in Sources */ = {isa = PBXBuildFile; fileRef = A7CF1673C70DBE89F480A010 /* SplitNodeView.swift */; };
		3AEFD19DA77CAC18BB8B842B /* WorkspaceSessionController.swift in Sources */ = {isa = PBXBuildFile; fileRef = 20079BE9FA1D7054C79699F2 /* WorkspaceSessionController.swift */; };
		3C1BD4702DECC75E0A4ABD1A /* WorkspaceSidebarView.swift in Sources */ = {isa = PBXBuildFile; fileRef = E8354D57B9898A0C0ADBD959 /* WorkspaceSidebarView.swift */; };
		3C1F3562DE4FA89E8C580B30 /* TreemuxGhosttyBootstrap.swift in Sources */ = {isa = PBXBuildFile; fileRef = 16FE9D700089232316516F73 /* TreemuxGhosttyBootstrap.swift */; };
		423A99DD3918742FC88745B3 /* TreemuxGhosttyResourcePaths.swift in Sources */ = {isa = PBXBuildFile; fileRef = BB01B85899C7236D215CECDD /* TreemuxGhosttyResourcePaths.swift */; };
		439B7154F34CC1DC69D74A6E /* TreemuxApp.swift in Sources */ = {isa = PBXBuildFile; fileRef = BE43F77B5BDC0AB70604EC9B /* TreemuxApp.swift */; };
		44D9A39F7E62E88E88ED2DAD /* TerminalHostView.swift in Sources */ = {isa = PBXBuildFile; fileRef = 5C2110A46976203DDBF9D707 /* TerminalHostView.swift */; };
		4F93E2B9A2A6EC003FCAB4BE /* SessionBackend.swift in Sources */ = {isa = PBXBuildFile; fileRef = BC87AA3FDA394146CBAB1546 /* SessionBackend.swift */; };
		527270F31405E3CCEFE8CF79 /* TreemuxGhosttyShellIntegration.swift in Sources */ = {isa = PBXBuildFile; fileRef = F59B5026A96BF865D41D0890 /* TreemuxGhosttyShellIntegration.swift */; };
		5695944A97F022496C2F055E /* MainWindowView.swift in Sources */ = {isa = PBXBuildFile; fileRef = 4606940266A11E096CC79EAB /* MainWindowView.swift */; };
		598A1C4D4191754CBAE49BF4 /* TerminalSurface.swift in Sources */ = {isa = PBXBuildFile; fileRef = 24A323012CE09C4999DF9E08 /* TerminalSurface.swift */; };
		5BE675E29A6A2B29C647BB5E /* PaneLayoutTests.swift in Sources */ = {isa = PBXBuildFile; fileRef = 4742F4CA09E0C12BCF63C7CD /* PaneLayoutTests.swift */; };
		634F5C15FC031D133DEA6DC1 /* PathFormatting.swift in Sources */ = {isa = PBXBuildFile; fileRef = D10AD81F3E792C490B4656A1 /* PathFormatting.swift */; };
		6AC7580CF74D588D2D19BF03 /* TreemuxGhosttyLogFilter.swift in Sources */ = {isa = PBXBuildFile; fileRef = 92B0D1DFEE9B34109844D751 /* TreemuxGhosttyLogFilter.swift */; };
		6CF8F5C7195367C6516F863C /* AppDelegate.swift in Sources */ = {isa = PBXBuildFile; fileRef = CEB4B388C531158F6E5916EB /* AppDelegate.swift */; };
		7405B7C02F6B819CB0A772E5 /* String+Helpers.swift in Sources */ = {isa = PBXBuildFile; fileRef = 42FCFF0878EDD3C9AB6D566C /* String+Helpers.swift */; };
		78942DBCD13BA394E9AC92CD /* PaneLayout.swift in Sources */ = {isa = PBXBuildFile; fileRef = 1D0958D01CB9E5CC3964FD64 /* PaneLayout.swift */; };
		7BAFFB86D4EE2F43992E4808 /* AppSettingsPersistence.swift in Sources */ = {isa = PBXBuildFile; fileRef = 48405541E0E22A909B92BA03 /* AppSettingsPersistence.swift */; };
		89007B331EC98C61510D046C /* GitRepositoryService.swift in Sources */ = {isa = PBXBuildFile; fileRef = 927AE345DA56C1F2D6D035AC /* GitRepositoryService.swift */; };
		8F9B78336B7C0422AD8E4D0B /* WorkspaceModelsTests.swift in Sources */ = {isa = PBXBuildFile; fileRef = 146197866DA01552D3FD974E /* WorkspaceModelsTests.swift */; };
		9C689BD0883C82F0D099878B /* GitRepositoryServiceTests.swift in Sources */ = {isa = PBXBuildFile; fileRef = C328A5FB842A00D096906EE3 /* GitRepositoryServiceTests.swift */; };
		9DB5A3B694A7A2D4D0248724 /* TreemuxGhosttyRuntime.swift in Sources */ = {isa = PBXBuildFile; fileRef = A8C126FDBE3B3FC26672AF2F /* TreemuxGhosttyRuntime.swift */; };
		A0AD5591657B555F176AEFD8 /* ShellSession.swift in Sources */ = {isa = PBXBuildFile; fileRef = 2290B3E587177F8B10B05395 /* ShellSession.swift */; };
		A3A9D3AC7CCAEB6DA3B2D92D /* TreemuxGhosttyControllerRegistry.swift in Sources */ = {isa = PBXBuildFile; fileRef = 3F2AF4BADCEBABA624578341 /* TreemuxGhosttyControllerRegistry.swift */; };
		A7746DB757BF4458229659E0 /* SessionBackendLaunch.swift in Sources */ = {isa = PBXBuildFile; fileRef = D1E24B640A3303D33931EA85 /* SessionBackendLaunch.swift */; };
		A9E5418401517BC5CBD9EC92 /* WorkspaceStatePersistence.swift in Sources */ = {isa = PBXBuildFile; fileRef = A99410553280ED6CCCDFEA85 /* WorkspaceStatePersistence.swift */; };
		BCEB4C8CE71A07F316E67D13 /* SplitDivider.swift in Sources */ = {isa = PBXBuildFile; fileRef = 9F23062A273124B6BBE28B71 /* SplitDivider.swift */; };
		BF6AC7D0EC7DBA0469366D91 /* WorkspaceMetadataWatchService.swift in Sources */ = {isa = PBXBuildFile; fileRef = FED0327A7E59732F42304316 /* WorkspaceMetadataWatchService.swift */; };
		BF9448F0B1E9C5D3B71C956C /* TerminalPaneView.swift in Sources */ = {isa = PBXBuildFile; fileRef = A9B01277529CEA9D185C95B0 /* TerminalPaneView.swift */; };
		CA8A454F37FDDB71C48B6069 /* TreemuxTests.swift in Sources */ = {isa = PBXBuildFile; fileRef = 3477DE6F674F94B9457073F4 /* TreemuxTests.swift */; };
		773C04A53173491BBC17E3EC /* TreemuxTabSizingTests.swift in Sources */ = {isa = PBXBuildFile; fileRef = 165AD706F84F45FC90264B06 /* TreemuxTabSizingTests.swift */; };
		CD969404DE603FC36B6116DA /* TreemuxGhosttyClipboardSupport.swift in Sources */ = {isa = PBXBuildFile; fileRef = E993B2E72B0AA5FA2CD8F136 /* TreemuxGhosttyClipboardSupport.swift */; };
		D5D2DCD282AEEBB8C4A6F532 /* ShellCommandRunner.swift in Sources */ = {isa = PBXBuildFile; fileRef = 952549886E5EC47896CBCF66 /* ShellCommandRunner.swift */; };
		BB000001AABBCCDD00000020 /* ProcessTree.swift in Sources */ = {isa = PBXBuildFile; fileRef = BB000002AABBCCDD00000020 /* ProcessTree.swift */; };
		BB000001AABBCCDD00000021 /* ProcessTreeTests.swift in Sources */ = {isa = PBXBuildFile; fileRef = BB000002AABBCCDD00000021 /* ProcessTreeTests.swift */; };
		E72FAED1376EB9235DA523BF /* SSHTarget.swift in Sources */ = {isa = PBXBuildFile; fileRef = 8629D2D5813F897F85840289 /* SSHTarget.swift */; };
		EDB4207DA8056D870E9EA844 /* TreemuxGhosttyInputSupport.swift in Sources */ = {isa = PBXBuildFile; fileRef = 755FE81839DE8C99362EBC0E /* TreemuxGhosttyInputSupport.swift */; };
		F53BBCE71ADC60E6B6F3BAE2 /* WorkspaceModels.swift in Sources */ = {isa = PBXBuildFile; fileRef = BA1C208C2F03C2398D1F9492 /* WorkspaceModels.swift */; };
		FBA39534A25C607A48314803 /* GhosttyKit.xcframework in Frameworks */ = {isa = PBXBuildFile; fileRef = AC606574E1DF3045291D300B /* GhosttyKit.xcframework */; };
		AA000001AABBCCDD00000001 /* ThemeDefinition.swift in Sources */ = {isa = PBXBuildFile; fileRef = AA000002AABBCCDD00000001 /* ThemeDefinition.swift */; };
		AA000001AABBCCDD00000002 /* Color+Hex.swift in Sources */ = {isa = PBXBuildFile; fileRef = AA000002AABBCCDD00000002 /* Color+Hex.swift */; };
		AA000001AABBCCDD00000003 /* ThemeManager.swift in Sources */ = {isa = PBXBuildFile; fileRef = AA000002AABBCCDD00000003 /* ThemeManager.swift */; };
		AA000001AABBCCDD00000004 /* ThemeTests.swift in Sources */ = {isa = PBXBuildFile; fileRef = AA000002AABBCCDD00000004 /* ThemeTests.swift */; };
		AA000001AABBCCDD00000005 /* LanguageManager.swift in Sources */ = {isa = PBXBuildFile; fileRef = AA000002AABBCCDD00000005 /* LanguageManager.swift */; };
		AA000001AABBCCDD00000006 /* Localizable.xcstrings in Resources */ = {isa = PBXBuildFile; fileRef = AA000002AABBCCDD00000006 /* Localizable.xcstrings */; };
		AA000001AABBCCDD00000007 /* SSHConfigParser.swift in Sources */ = {isa = PBXBuildFile; fileRef = AA000002AABBCCDD00000007 /* SSHConfigParser.swift */; };
		AA000001AABBCCDD00000008 /* SSHConfigService.swift in Sources */ = {isa = PBXBuildFile; fileRef = AA000002AABBCCDD00000008 /* SSHConfigService.swift */; };
		AA000001AABBCCDD00000009 /* SSHConfigParserTests.swift in Sources */ = {isa = PBXBuildFile; fileRef = AA000002AABBCCDD00000009 /* SSHConfigParserTests.swift */; };
		AA000001AABBCCDD0000000A /* OpenProjectSheet.swift in Sources */ = {isa = PBXBuildFile; fileRef = AA000002AABBCCDD0000000A /* OpenProjectSheet.swift */; };
		AA000001AABBCCDD0000000B /* TmuxService.swift in Sources */ = {isa = PBXBuildFile; fileRef = AA000002AABBCCDD0000000B /* TmuxService.swift */; };
		AA000001AABBCCDD0000000C /* TmuxServiceTests.swift in Sources */ = {isa = PBXBuildFile; fileRef = AA000002AABBCCDD0000000C /* TmuxServiceTests.swift */; };
		AA000001AABBCCDD0000000D /* AIToolModels.swift in Sources */ = {isa = PBXBuildFile; fileRef = AA000002AABBCCDD0000000D /* AIToolModels.swift */; };
		AA000001AABBCCDD0000000E /* AIToolService.swift in Sources */ = {isa = PBXBuildFile; fileRef = AA000002AABBCCDD0000000E /* AIToolService.swift */; };
		AA000001AABBCCDD0000000F /* AIToolServiceTests.swift in Sources */ = {isa = PBXBuildFile; fileRef = AA000002AABBCCDD0000000F /* AIToolServiceTests.swift */; };
		AA000001AABBCCDD00000010 /* CommandPaletteView.swift in Sources */ = {isa = PBXBuildFile; fileRef = AA000002AABBCCDD00000010 /* CommandPaletteView.swift */; };
		AA000001AABBCCDD00000011 /* SettingsSheet.swift in Sources */ = {isa = PBXBuildFile; fileRef = AA000002AABBCCDD00000011 /* SettingsSheet.swift */; };
		AA000001AABBCCDD00000012 /* StoredShortcut.swift in Sources */ = {isa = PBXBuildFile; fileRef = AA000002AABBCCDD00000012 /* StoredShortcut.swift */; };
		AA000001AABBCCDD00000013 /* ShortcutAction.swift in Sources */ = {isa = PBXBuildFile; fileRef = AA000002AABBCCDD00000013 /* ShortcutAction.swift */; };
		AA000001AABBCCDD00000014 /* TreemuxKeyboardShortcuts.swift in Sources */ = {isa = PBXBuildFile; fileRef = AA000002AABBCCDD00000014 /* TreemuxKeyboardShortcuts.swift */; };
		AA000001AABBCCDD00000015 /* ShortcutRecorderButton.swift in Sources */ = {isa = PBXBuildFile; fileRef = AA000002AABBCCDD00000015 /* ShortcutRecorderButton.swift */; };
		C8D4F2A15E3B79061A8DC492 /* WorkspaceTabBarView.swift in Sources */ = {isa = PBXBuildFile; fileRef = B7A3E91C4D2F08A6E1C5B730 /* WorkspaceTabBarView.swift */; };
		E9F1A73C6B4D85E20839CD54 /* EmptyTabStateView.swift in Sources */ = {isa = PBXBuildFile; fileRef = D6E2F80B3A1C94D5072BEF61 /* EmptyTabStateView.swift */; };
		CC000001AABBCCDD00000001 /* SidebarIcon.swift in Sources */ = {isa = PBXBuildFile; fileRef = CC000002AABBCCDD00000001 /* SidebarIcon.swift */; };
		CC000001AABBCCDD00000002 /* SidebarIconCatalog.swift in Sources */ = {isa = PBXBuildFile; fileRef = CC000002AABBCCDD00000002 /* SidebarIconCatalog.swift */; };
		CC000001AABBCCDD00000003 /* SidebarItemIconView.swift in Sources */ = {isa = PBXBuildFile; fileRef = CC000002AABBCCDD00000003 /* SidebarItemIconView.swift */; };
		CC000001AABBCCDD00000099 /* SidebarInfoBadge.swift in Sources */ = {isa = PBXBuildFile; fileRef = CC000002AABBCCDD00000099 /* SidebarInfoBadge.swift */; };
		CC000001AABBCCDD00000004 /* SidebarIconCustomizationSheet.swift in Sources */ = {isa = PBXBuildFile; fileRef = CC000002AABBCCDD00000004 /* SidebarIconCustomizationSheet.swift */; };
		CC000001AABBCCDD00000005 /* SidebarNodeItem.swift in Sources */ = {isa = PBXBuildFile; fileRef = CC000002AABBCCDD00000005 /* SidebarNodeItem.swift */; };
		CC000001AABBCCDD00000006 /* SidebarRowView.swift in Sources */ = {isa = PBXBuildFile; fileRef = CC000002AABBCCDD00000006 /* SidebarRowView.swift */; };
		CC000001AABBCCDD00000007 /* SidebarCellView.swift in Sources */ = {isa = PBXBuildFile; fileRef = CC000002AABBCCDD00000007 /* SidebarCellView.swift */; };
		CC000001AABBCCDD00000008 /* SidebarNodeRow.swift in Sources */ = {isa = PBXBuildFile; fileRef = CC000002AABBCCDD00000008 /* SidebarNodeRow.swift */; };
		CC000001AABBCCDD00000009 /* SidebarOutlineView.swift in Sources */ = {isa = PBXBuildFile; fileRef = CC000002AABBCCDD00000009 /* SidebarOutlineView.swift */; };
		CC000001AABBCCDD0000000A /* SidebarContainerView.swift in Sources */ = {isa = PBXBuildFile; fileRef = CC000002AABBCCDD0000000A /* SidebarContainerView.swift */; };
		CC000001AABBCCDD0000000B /* SidebarCoordinator.swift in Sources */ = {isa = PBXBuildFile; fileRef = CC000002AABBCCDD0000000B /* SidebarCoordinator.swift */; };
		CC000001AABBCCDD0000000C /* WorkspaceOutlineSidebar.swift in Sources */ = {isa = PBXBuildFile; fileRef = CC000002AABBCCDD0000000C /* WorkspaceOutlineSidebar.swift */; };
		DD000001SFTP00000001 /* SFTPDirectoryEntry.swift in Sources */ = {isa = PBXBuildFile; fileRef = DD000002SFTP00000001 /* SFTPDirectoryEntry.swift */; };
		DD000001SFTP00000002 /* SFTPService.swift in Sources */ = {isa = PBXBuildFile; fileRef = DD000002SFTP00000002 /* SFTPService.swift */; };
/* End PBXBuildFile section */

/* Begin PBXContainerItemProxy section */
		6F22789832021D28886E3959 /* PBXContainerItemProxy */ = {
			isa = PBXContainerItemProxy;
			containerPortal = DDF338C428EA22394234AA6E /* Project object */;
			proxyType = 1;
			remoteGlobalIDString = E1AA74F162F2001DBAF20418;
			remoteInfo = Treemux;
		};
/* End PBXContainerItemProxy section */

/* Begin PBXFileReference section */
		146197866DA01552D3FD974E /* WorkspaceModelsTests.swift */ = {isa = PBXFileReference; lastKnownFileType = sourcecode.swift; path = WorkspaceModelsTests.swift; sourceTree = "<group>"; };
		16FE9D700089232316516F73 /* TreemuxGhosttyBootstrap.swift */ = {isa = PBXFileReference; lastKnownFileType = sourcecode.swift; path = TreemuxGhosttyBootstrap.swift; sourceTree = "<group>"; };
		1D0958D01CB9E5CC3964FD64 /* PaneLayout.swift */ = {isa = PBXFileReference; lastKnownFileType = sourcecode.swift; path = PaneLayout.swift; sourceTree = "<group>"; };
		20079BE9FA1D7054C79699F2 /* WorkspaceSessionController.swift */ = {isa = PBXFileReference; lastKnownFileType = sourcecode.swift; path = WorkspaceSessionController.swift; sourceTree = "<group>"; };
		2290B3E587177F8B10B05395 /* ShellSession.swift */ = {isa = PBXFileReference; lastKnownFileType = sourcecode.swift; path = ShellSession.swift; sourceTree = "<group>"; };
		24A323012CE09C4999DF9E08 /* TerminalSurface.swift */ = {isa = PBXFileReference; lastKnownFileType = sourcecode.swift; path = TerminalSurface.swift; sourceTree = "<group>"; };
		3477DE6F674F94B9457073F4 /* TreemuxTests.swift */ = {isa = PBXFileReference; lastKnownFileType = sourcecode.swift; path = TreemuxTests.swift; sourceTree = "<group>"; };
		165AD706F84F45FC90264B06 /* TreemuxTabSizingTests.swift */ = {isa = PBXFileReference; lastKnownFileType = sourcecode.swift; path = TreemuxTabSizingTests.swift; sourceTree = "<group>"; };
		3B99E6A1366954D8A221B273 /* TreemuxGhosttyController.swift */ = {isa = PBXFileReference; lastKnownFileType = sourcecode.swift; path = TreemuxGhosttyController.swift; sourceTree = "<group>"; };
		3F2AF4BADCEBABA624578341 /* TreemuxGhosttyControllerRegistry.swift */ = {isa = PBXFileReference; lastKnownFileType = sourcecode.swift; path = TreemuxGhosttyControllerRegistry.swift; sourceTree = "<group>"; };
		42FCFF0878EDD3C9AB6D566C /* String+Helpers.swift */ = {isa = PBXFileReference; lastKnownFileType = sourcecode.swift; path = "String+Helpers.swift"; sourceTree = "<group>"; };
		443B856819FD330809E0722A /* ShellCommandRunnerTests.swift */ = {isa = PBXFileReference; lastKnownFileType = sourcecode.swift; path = ShellCommandRunnerTests.swift; sourceTree = "<group>"; };
		4606940266A11E096CC79EAB /* MainWindowView.swift */ = {isa = PBXFileReference; lastKnownFileType = sourcecode.swift; path = MainWindowView.swift; sourceTree = "<group>"; };
		4650806EA154B4E2C20BAD0A /* TreemuxTests.xctest */ = {isa = PBXFileReference; explicitFileType = wrapper.cfbundle; includeInIndex = 0; path = TreemuxTests.xctest; sourceTree = BUILT_PRODUCTS_DIR; };
		4742F4CA09E0C12BCF63C7CD /* PaneLayoutTests.swift */ = {isa = PBXFileReference; lastKnownFileType = sourcecode.swift; path = PaneLayoutTests.swift; sourceTree = "<group>"; };
		48405541E0E22A909B92BA03 /* AppSettingsPersistence.swift */ = {isa = PBXFileReference; lastKnownFileType = sourcecode.swift; path = AppSettingsPersistence.swift; sourceTree = "<group>"; };
		5C2110A46976203DDBF9D707 /* TerminalHostView.swift */ = {isa = PBXFileReference; lastKnownFileType = sourcecode.swift; path = TerminalHostView.swift; sourceTree = "<group>"; };
		656D4A17827E564EDD5A8918 /* PersistenceTests.swift */ = {isa = PBXFileReference; lastKnownFileType = sourcecode.swift; path = PersistenceTests.swift; sourceTree = "<group>"; };
		6DD2CC0A8B9D60B36E1F8105 /* Treemux.app */ = {isa = PBXFileReference; explicitFileType = wrapper.application; includeInIndex = 0; path = Treemux.app; sourceTree = BUILT_PRODUCTS_DIR; };
		73E706B2F099E80FFCC6F47D /* main.swift */ = {isa = PBXFileReference; lastKnownFileType = sourcecode.swift; path = main.swift; sourceTree = "<group>"; };
		755FE81839DE8C99362EBC0E /* TreemuxGhosttyInputSupport.swift */ = {isa = PBXFileReference; lastKnownFileType = sourcecode.swift; path = TreemuxGhosttyInputSupport.swift; sourceTree = "<group>"; };
		8629D2D5813F897F85840289 /* SSHTarget.swift */ = {isa = PBXFileReference; lastKnownFileType = sourcecode.swift; path = SSHTarget.swift; sourceTree = "<group>"; };
		927AE345DA56C1F2D6D035AC /* GitRepositoryService.swift */ = {isa = PBXFileReference; lastKnownFileType = sourcecode.swift; path = GitRepositoryService.swift; sourceTree = "<group>"; };
		92B0D1DFEE9B34109844D751 /* TreemuxGhosttyLogFilter.swift */ = {isa = PBXFileReference; lastKnownFileType = sourcecode.swift; path = TreemuxGhosttyLogFilter.swift; sourceTree = "<group>"; };
		952549886E5EC47896CBCF66 /* ShellCommandRunner.swift */ = {isa = PBXFileReference; lastKnownFileType = sourcecode.swift; path = ShellCommandRunner.swift; sourceTree = "<group>"; };
		BB000002AABBCCDD00000020 /* ProcessTree.swift */ = {isa = PBXFileReference; lastKnownFileType = sourcecode.swift; path = ProcessTree.swift; sourceTree = "<group>"; };
		BB000002AABBCCDD00000021 /* ProcessTreeTests.swift */ = {isa = PBXFileReference; lastKnownFileType = sourcecode.swift; path = ProcessTreeTests.swift; sourceTree = "<group>"; };
		9D8662706F495A0DA4CCB1F0 /* WindowContext.swift */ = {isa = PBXFileReference; lastKnownFileType = sourcecode.swift; path = WindowContext.swift; sourceTree = "<group>"; };
		9F23062A273124B6BBE28B71 /* SplitDivider.swift */ = {isa = PBXFileReference; lastKnownFileType = sourcecode.swift; path = SplitDivider.swift; sourceTree = "<group>"; };
		A22F2A407A07989DE172DA3A /* WorkspaceStore.swift */ = {isa = PBXFileReference; lastKnownFileType = sourcecode.swift; path = WorkspaceStore.swift; sourceTree = "<group>"; };
		A7CF1673C70DBE89F480A010 /* SplitNodeView.swift */ = {isa = PBXFileReference; lastKnownFileType = sourcecode.swift; path = SplitNodeView.swift; sourceTree = "<group>"; };
		A8C126FDBE3B3FC26672AF2F /* TreemuxGhosttyRuntime.swift */ = {isa = PBXFileReference; lastKnownFileType = sourcecode.swift; path = TreemuxGhosttyRuntime.swift; sourceTree = "<group>"; };
		A99410553280ED6CCCDFEA85 /* WorkspaceStatePersistence.swift */ = {isa = PBXFileReference; lastKnownFileType = sourcecode.swift; path = WorkspaceStatePersistence.swift; sourceTree = "<group>"; };
		A9B01277529CEA9D185C95B0 /* TerminalPaneView.swift */ = {isa = PBXFileReference; lastKnownFileType = sourcecode.swift; path = TerminalPaneView.swift; sourceTree = "<group>"; };
		AC606574E1DF3045291D300B /* GhosttyKit.xcframework */ = {isa = PBXFileReference; lastKnownFileType = wrapper.xcframework; name = GhosttyKit.xcframework; path = Treemux/Vendor/GhosttyKit.xcframework; sourceTree = "<group>"; };
		BA1C208C2F03C2398D1F9492 /* WorkspaceModels.swift */ = {isa = PBXFileReference; lastKnownFileType = sourcecode.swift; path = WorkspaceModels.swift; sourceTree = "<group>"; };
		BB01B85899C7236D215CECDD /* TreemuxGhosttyResourcePaths.swift */ = {isa = PBXFileReference; lastKnownFileType = sourcecode.swift; path = TreemuxGhosttyResourcePaths.swift; sourceTree = "<group>"; };
		BC87AA3FDA394146CBAB1546 /* SessionBackend.swift */ = {isa = PBXFileReference; lastKnownFileType = sourcecode.swift; path = SessionBackend.swift; sourceTree = "<group>"; };
		BE43F77B5BDC0AB70604EC9B /* TreemuxApp.swift */ = {isa = PBXFileReference; lastKnownFileType = sourcecode.swift; path = TreemuxApp.swift; sourceTree = "<group>"; };
		C328A5FB842A00D096906EE3 /* GitRepositoryServiceTests.swift */ = {isa = PBXFileReference; lastKnownFileType = sourcecode.swift; path = GitRepositoryServiceTests.swift; sourceTree = "<group>"; };
		CEB4B388C531158F6E5916EB /* AppDelegate.swift */ = {isa = PBXFileReference; lastKnownFileType = sourcecode.swift; path = AppDelegate.swift; sourceTree = "<group>"; };
		D10AD81F3E792C490B4656A1 /* PathFormatting.swift */ = {isa = PBXFileReference; lastKnownFileType = sourcecode.swift; path = PathFormatting.swift; sourceTree = "<group>"; };
		D1E24B640A3303D33931EA85 /* SessionBackendLaunch.swift */ = {isa = PBXFileReference; lastKnownFileType = sourcecode.swift; path = SessionBackendLaunch.swift; sourceTree = "<group>"; };
		D8EB47950FCB5E9637572424 /* AppSettings.swift */ = {isa = PBXFileReference; lastKnownFileType = sourcecode.swift; path = AppSettings.swift; sourceTree = "<group>"; };
		DE6931E2152155F3F99223FC /* SessionBackendTests.swift */ = {isa = PBXFileReference; lastKnownFileType = sourcecode.swift; path = SessionBackendTests.swift; sourceTree = "<group>"; };
		E45B70C0F236F9F0FA025A53 /* WorkspaceDetailView.swift */ = {isa = PBXFileReference; lastKnownFileType = sourcecode.swift; path = WorkspaceDetailView.swift; sourceTree = "<group>"; };
		E8354D57B9898A0C0ADBD959 /* WorkspaceSidebarView.swift */ = {isa = PBXFileReference; lastKnownFileType = sourcecode.swift; path = WorkspaceSidebarView.swift; sourceTree = "<group>"; };
		E993B2E72B0AA5FA2CD8F136 /* TreemuxGhosttyClipboardSupport.swift */ = {isa = PBXFileReference; lastKnownFileType = sourcecode.swift; path = TreemuxGhosttyClipboardSupport.swift; sourceTree = "<group>"; };
		F59B5026A96BF865D41D0890 /* TreemuxGhosttyShellIntegration.swift */ = {isa = PBXFileReference; lastKnownFileType = sourcecode.swift; path = TreemuxGhosttyShellIntegration.swift; sourceTree = "<group>"; };
		FED0327A7E59732F42304316 /* WorkspaceMetadataWatchService.swift */ = {isa = PBXFileReference; lastKnownFileType = sourcecode.swift; path = WorkspaceMetadataWatchService.swift; sourceTree = "<group>"; };
		AA000002AABBCCDD00000001 /* ThemeDefinition.swift */ = {isa = PBXFileReference; lastKnownFileType = sourcecode.swift; path = ThemeDefinition.swift; sourceTree = "<group>"; };
		AA000002AABBCCDD00000002 /* Color+Hex.swift */ = {isa = PBXFileReference; lastKnownFileType = sourcecode.swift; path = "Color+Hex.swift"; sourceTree = "<group>"; };
		AA000002AABBCCDD00000003 /* ThemeManager.swift */ = {isa = PBXFileReference; lastKnownFileType = sourcecode.swift; path = ThemeManager.swift; sourceTree = "<group>"; };
		AA000002AABBCCDD00000004 /* ThemeTests.swift */ = {isa = PBXFileReference; lastKnownFileType = sourcecode.swift; path = ThemeTests.swift; sourceTree = "<group>"; };
		AA000002AABBCCDD00000005 /* LanguageManager.swift */ = {isa = PBXFileReference; lastKnownFileType = sourcecode.swift; path = LanguageManager.swift; sourceTree = "<group>"; };
		AA000002AABBCCDD00000006 /* Localizable.xcstrings */ = {isa = PBXFileReference; lastKnownFileType = text.json.xcstrings; path = Localizable.xcstrings; sourceTree = "<group>"; };
		AA000002AABBCCDD00000007 /* SSHConfigParser.swift */ = {isa = PBXFileReference; lastKnownFileType = sourcecode.swift; path = SSHConfigParser.swift; sourceTree = "<group>"; };
		AA000002AABBCCDD00000008 /* SSHConfigService.swift */ = {isa = PBXFileReference; lastKnownFileType = sourcecode.swift; path = SSHConfigService.swift; sourceTree = "<group>"; };
		AA000002AABBCCDD00000009 /* SSHConfigParserTests.swift */ = {isa = PBXFileReference; lastKnownFileType = sourcecode.swift; path = SSHConfigParserTests.swift; sourceTree = "<group>"; };
		AA000002AABBCCDD0000000A /* OpenProjectSheet.swift */ = {isa = PBXFileReference; lastKnownFileType = sourcecode.swift; path = OpenProjectSheet.swift; sourceTree = "<group>"; };
		AA000002AABBCCDD0000000B /* TmuxService.swift */ = {isa = PBXFileReference; lastKnownFileType = sourcecode.swift; path = TmuxService.swift; sourceTree = "<group>"; };
		AA000002AABBCCDD0000000C /* TmuxServiceTests.swift */ = {isa = PBXFileReference; lastKnownFileType = sourcecode.swift; path = TmuxServiceTests.swift; sourceTree = "<group>"; };
		AA000002AABBCCDD0000000D /* AIToolModels.swift */ = {isa = PBXFileReference; lastKnownFileType = sourcecode.swift; path = AIToolModels.swift; sourceTree = "<group>"; };
		AA000002AABBCCDD0000000E /* AIToolService.swift */ = {isa = PBXFileReference; lastKnownFileType = sourcecode.swift; path = AIToolService.swift; sourceTree = "<group>"; };
		AA000002AABBCCDD0000000F /* AIToolServiceTests.swift */ = {isa = PBXFileReference; lastKnownFileType = sourcecode.swift; path = AIToolServiceTests.swift; sourceTree = "<group>"; };
		AA000002AABBCCDD00000010 /* CommandPaletteView.swift */ = {isa = PBXFileReference; lastKnownFileType = sourcecode.swift; path = CommandPaletteView.swift; sourceTree = "<group>"; };
		AA000002AABBCCDD00000011 /* SettingsSheet.swift */ = {isa = PBXFileReference; lastKnownFileType = sourcecode.swift; path = SettingsSheet.swift; sourceTree = "<group>"; };
		AA000002AABBCCDD00000012 /* StoredShortcut.swift */ = {isa = PBXFileReference; lastKnownFileType = sourcecode.swift; path = StoredShortcut.swift; sourceTree = "<group>"; };
		AA000002AABBCCDD00000013 /* ShortcutAction.swift */ = {isa = PBXFileReference; lastKnownFileType = sourcecode.swift; path = ShortcutAction.swift; sourceTree = "<group>"; };
		AA000002AABBCCDD00000014 /* TreemuxKeyboardShortcuts.swift */ = {isa = PBXFileReference; lastKnownFileType = sourcecode.swift; path = TreemuxKeyboardShortcuts.swift; sourceTree = "<group>"; };
		AA000002AABBCCDD00000015 /* ShortcutRecorderButton.swift */ = {isa = PBXFileReference; lastKnownFileType = sourcecode.swift; path = ShortcutRecorderButton.swift; sourceTree = "<group>"; };
		B7A3E91C4D2F08A6E1C5B730 /* WorkspaceTabBarView.swift */ = {isa = PBXFileReference; lastKnownFileType = sourcecode.swift; path = WorkspaceTabBarView.swift; sourceTree = "<group>"; };
		D6E2F80B3A1C94D5072BEF61 /* EmptyTabStateView.swift */ = {isa = PBXFileReference; lastKnownFileType = sourcecode.swift; path = EmptyTabStateView.swift; sourceTree = "<group>"; };
		CC000002AABBCCDD00000001 /* SidebarIcon.swift */ = {isa = PBXFileReference; lastKnownFileType = sourcecode.swift; path = SidebarIcon.swift; sourceTree = "<group>"; };
		CC000002AABBCCDD00000002 /* SidebarIconCatalog.swift */ = {isa = PBXFileReference; lastKnownFileType = sourcecode.swift; path = SidebarIconCatalog.swift; sourceTree = "<group>"; };
		CC000002AABBCCDD00000003 /* SidebarItemIconView.swift */ = {isa = PBXFileReference; lastKnownFileType = sourcecode.swift; path = SidebarItemIconView.swift; sourceTree = "<group>"; };
		CC000002AABBCCDD00000099 /* SidebarInfoBadge.swift */ = {isa = PBXFileReference; lastKnownFileType = sourcecode.swift; path = SidebarInfoBadge.swift; sourceTree = "<group>"; };
		CC000002AABBCCDD00000004 /* SidebarIconCustomizationSheet.swift */ = {isa = PBXFileReference; lastKnownFileType = sourcecode.swift; path = SidebarIconCustomizationSheet.swift; sourceTree = "<group>"; };
		CC000002AABBCCDD00000005 /* SidebarNodeItem.swift */ = {isa = PBXFileReference; lastKnownFileType = sourcecode.swift; path = SidebarNodeItem.swift; sourceTree = "<group>"; };
		CC000002AABBCCDD00000006 /* SidebarRowView.swift */ = {isa = PBXFileReference; lastKnownFileType = sourcecode.swift; path = SidebarRowView.swift; sourceTree = "<group>"; };
		CC000002AABBCCDD00000007 /* SidebarCellView.swift */ = {isa = PBXFileReference; lastKnownFileType = sourcecode.swift; path = SidebarCellView.swift; sourceTree = "<group>"; };
		CC000002AABBCCDD00000008 /* SidebarNodeRow.swift */ = {isa = PBXFileReference; lastKnownFileType = sourcecode.swift; path = SidebarNodeRow.swift; sourceTree = "<group>"; };
		CC000002AABBCCDD00000009 /* SidebarOutlineView.swift */ = {isa = PBXFileReference; lastKnownFileType = sourcecode.swift; path = SidebarOutlineView.swift; sourceTree = "<group>"; };
		CC000002AABBCCDD0000000A /* SidebarContainerView.swift */ = {isa = PBXFileReference; lastKnownFileType = sourcecode.swift; path = SidebarContainerView.swift; sourceTree = "<group>"; };
		CC000002AABBCCDD0000000B /* SidebarCoordinator.swift */ = {isa = PBXFileReference; lastKnownFileType = sourcecode.swift; path = SidebarCoordinator.swift; sourceTree = "<group>"; };
		CC000002AABBCCDD0000000C /* WorkspaceOutlineSidebar.swift */ = {isa = PBXFileReference; lastKnownFileType = sourcecode.swift; path = WorkspaceOutlineSidebar.swift; sourceTree = "<group>"; };
		DD000002SFTP00000001 /* SFTPDirectoryEntry.swift */ = {isa = PBXFileReference; lastKnownFileType = sourcecode.swift; path = SFTPDirectoryEntry.swift; sourceTree = "<group>"; };
		DD000002SFTP00000002 /* SFTPService.swift */ = {isa = PBXFileReference; lastKnownFileType = sourcecode.swift; path = SFTPService.swift; sourceTree = "<group>"; };
/* End PBXFileReference section */

/* Begin PBXFrameworksBuildPhase section */
		B162AB0EFD17B244599623CE /* Frameworks */ = {
			isa = PBXFrameworksBuildPhase;
			buildActionMask = 2147483647;
			files = (
				FBA39534A25C607A48314803 /* GhosttyKit.xcframework in Frameworks */,
			);
			runOnlyForDeploymentPostprocessing = 0;
		};
/* End PBXFrameworksBuildPhase section */

/* Begin PBXGroup section */
		00BDD3A331D12D95A7B20B1F /* AITool */ = {
			isa = PBXGroup;
			children = (
				AA000002AABBCCDD0000000E /* AIToolService.swift */,
			);
			path = AITool;
			sourceTree = "<group>";
		};
		052178C8BA6AA32DD708B8B4 /* App */ = {
			isa = PBXGroup;
			children = (
				BE43F77B5BDC0AB70604EC9B /* TreemuxApp.swift */,
				9D8662706F495A0DA4CCB1F0 /* WindowContext.swift */,
				A22F2A407A07989DE172DA3A /* WorkspaceStore.swift */,
			);
			path = App;
			sourceTree = "<group>";
		};
		106B416E1D149A797E5D5030 /* Persistence */ = {
			isa = PBXGroup;
			children = (
				48405541E0E22A909B92BA03 /* AppSettingsPersistence.swift */,
				A99410553280ED6CCCDFEA85 /* WorkspaceStatePersistence.swift */,
			);
			path = Persistence;
			sourceTree = "<group>";
		};
		1A4D936F6345D184BA953D63 /* TreemuxTests */ = {
			isa = PBXGroup;
			children = (
				AA000002AABBCCDD0000000F /* AIToolServiceTests.swift */,
				BB000002AABBCCDD00000021 /* ProcessTreeTests.swift */,
				C328A5FB842A00D096906EE3 /* GitRepositoryServiceTests.swift */,
				4742F4CA09E0C12BCF63C7CD /* PaneLayoutTests.swift */,
				656D4A17827E564EDD5A8918 /* PersistenceTests.swift */,
				DE6931E2152155F3F99223FC /* SessionBackendTests.swift */,
				443B856819FD330809E0722A /* ShellCommandRunnerTests.swift */,
				AA000002AABBCCDD00000009 /* SSHConfigParserTests.swift */,
				AA000002AABBCCDD00000004 /* ThemeTests.swift */,
				AA000002AABBCCDD0000000C /* TmuxServiceTests.swift */,
				165AD706F84F45FC90264B06 /* TreemuxTabSizingTests.swift */,
				3477DE6F674F94B9457073F4 /* TreemuxTests.swift */,
				146197866DA01552D3FD974E /* WorkspaceModelsTests.swift */,
			);
			path = TreemuxTests;
			sourceTree = "<group>";
		};
		27F87459BFC39581FCA8FA83 /* Tmux */ = {
			isa = PBXGroup;
			children = (
				AA000002AABBCCDD0000000B /* TmuxService.swift */,
			);
			path = Tmux;
			sourceTree = "<group>";
		};
		27FB2B0F7018B520F8B7A6E3 /* Support */ = {
			isa = PBXGroup;
			children = (
				AA000002AABBCCDD00000002 /* Color+Hex.swift */,
				AA000002AABBCCDD00000005 /* LanguageManager.swift */,
				D10AD81F3E792C490B4656A1 /* PathFormatting.swift */,
				42FCFF0878EDD3C9AB6D566C /* String+Helpers.swift */,
			);
			path = Support;
			sourceTree = "<group>";
		};
		2EC73BD19B6D166E6AE17853 /* Components */ = {
			isa = PBXGroup;
			children = (
				AA000002AABBCCDD00000010 /* CommandPaletteView.swift */,
				5C2110A46976203DDBF9D707 /* TerminalHostView.swift */,
			);
			path = Components;
			sourceTree = "<group>";
		};
		37F05836B68E913467827126 /* Theme */ = {
			isa = PBXGroup;
			children = (
				AA000002AABBCCDD00000003 /* ThemeManager.swift */,
			);
			path = Theme;
			sourceTree = "<group>";
		};
		3A68A8398041C9097733E6F0 /* Treemux */ = {
			isa = PBXGroup;
			children = (
				CEB4B388C531158F6E5916EB /* AppDelegate.swift */,
				AA000002AABBCCDD00000006 /* Localizable.xcstrings */,
				73E706B2F099E80FFCC6F47D /* main.swift */,
				052178C8BA6AA32DD708B8B4 /* App */,
				B15DAD8207459A93A41EE1CB /* Domain */,
				106B416E1D149A797E5D5030 /* Persistence */,
				FC59EC3A6A7A89BE0AD08F6E /* Services */,
				27FB2B0F7018B520F8B7A6E3 /* Support */,
				A941FE27AC81125CF3469C58 /* UI */,
			);
			path = Treemux;
			sourceTree = "<group>";
		};
		4043C724F22F571520359C6A = {
			isa = PBXGroup;
			children = (
				3A68A8398041C9097733E6F0 /* Treemux */,
				1A4D936F6345D184BA953D63 /* TreemuxTests */,
				E71CA3D79F1468B502EBB2AC /* Frameworks */,
				BBE024A13718132377BA6B12 /* Products */,
			);
			sourceTree = "<group>";
		};
		47EF60B043AF58645C61BA38 /* Sheets */ = {
			isa = PBXGroup;
			children = (
				AA000002AABBCCDD0000000A /* OpenProjectSheet.swift */,
				CC000002AABBCCDD00000004 /* SidebarIconCustomizationSheet.swift */,
			);
			path = Sheets;
			sourceTree = "<group>";
		};
		4C0772C0D286E3EC583553B3 /* Terminal */ = {
			isa = PBXGroup;
			children = (
				D1E24B640A3303D33931EA85 /* SessionBackendLaunch.swift */,
				2290B3E587177F8B10B05395 /* ShellSession.swift */,
				24A323012CE09C4999DF9E08 /* TerminalSurface.swift */,
				20079BE9FA1D7054C79699F2 /* WorkspaceSessionController.swift */,
				EBB92766421BAEA842EC833C /* Ghostty */,
			);
			path = Terminal;
			sourceTree = "<group>";
		};
		7733A5BF2FFBC78041E8298D /* Workspace */ = {
			isa = PBXGroup;
			children = (
				D6E2F80B3A1C94D5072BEF61 /* EmptyTabStateView.swift */,
				9F23062A273124B6BBE28B71 /* SplitDivider.swift */,
				A7CF1673C70DBE89F480A010 /* SplitNodeView.swift */,
				A9B01277529CEA9D185C95B0 /* TerminalPaneView.swift */,
				E45B70C0F236F9F0FA025A53 /* WorkspaceDetailView.swift */,
				B7A3E91C4D2F08A6E1C5B730 /* WorkspaceTabBarView.swift */,
			);
			path = Workspace;
			sourceTree = "<group>";
		};
		9C12B30F7DEBED747DCEF00C /* Git */ = {
			isa = PBXGroup;
			children = (
				927AE345DA56C1F2D6D035AC /* GitRepositoryService.swift */,
				FED0327A7E59732F42304316 /* WorkspaceMetadataWatchService.swift */,
			);
			path = Git;
			sourceTree = "<group>";
		};
		A941FE27AC81125CF3469C58 /* UI */ = {
			isa = PBXGroup;
			children = (
				4606940266A11E096CC79EAB /* MainWindowView.swift */,
				2EC73BD19B6D166E6AE17853 /* Components */,
				D19FA00FB0C98719BF40F0F2 /* Settings */,
				47EF60B043AF58645C61BA38 /* Sheets */,
				DEDD8107F3DA9BF1E1B0DA2C /* Sidebar */,
				37F05836B68E913467827126 /* Theme */,
				7733A5BF2FFBC78041E8298D /* Workspace */,
			);
			path = UI;
			sourceTree = "<group>";
		};
		B15DAD8207459A93A41EE1CB /* Domain */ = {
			isa = PBXGroup;
			children = (
				AA000002AABBCCDD0000000D /* AIToolModels.swift */,
				D8EB47950FCB5E9637572424 /* AppSettings.swift */,
				1D0958D01CB9E5CC3964FD64 /* PaneLayout.swift */,
				BC87AA3FDA394146CBAB1546 /* SessionBackend.swift */,
				AA000002AABBCCDD00000013 /* ShortcutAction.swift */,
				CC000002AABBCCDD00000001 /* SidebarIcon.swift */,
				CC000002AABBCCDD00000002 /* SidebarIconCatalog.swift */,
				8629D2D5813F897F85840289 /* SSHTarget.swift */,
				AA000002AABBCCDD00000012 /* StoredShortcut.swift */,
				AA000002AABBCCDD00000001 /* ThemeDefinition.swift */,
				AA000002AABBCCDD00000014 /* TreemuxKeyboardShortcuts.swift */,
				BA1C208C2F03C2398D1F9492 /* WorkspaceModels.swift */,
			);
			path = Domain;
			sourceTree = "<group>";
		};
		BBE024A13718132377BA6B12 /* Products */ = {
			isa = PBXGroup;
			children = (
				6DD2CC0A8B9D60B36E1F8105 /* Treemux.app */,
				4650806EA154B4E2C20BAD0A /* TreemuxTests.xctest */,
			);
			name = Products;
			sourceTree = "<group>";
		};
		BE2277342687AB8B24AA9973 /* SSH */ = {
			isa = PBXGroup;
			children = (
				AA000002AABBCCDD00000007 /* SSHConfigParser.swift */,
				AA000002AABBCCDD00000008 /* SSHConfigService.swift */,
			);
			path = SSH;
			sourceTree = "<group>";
		};
		C43D9DD04BC56E98D500E75B /* Process */ = {
			isa = PBXGroup;
			children = (
				BB000002AABBCCDD00000020 /* ProcessTree.swift */,
				952549886E5EC47896CBCF66 /* ShellCommandRunner.swift */,
			);
			path = Process;
			sourceTree = "<group>";
		};
		D19FA00FB0C98719BF40F0F2 /* Settings */ = {
			isa = PBXGroup;
			children = (
				AA000002AABBCCDD00000011 /* SettingsSheet.swift */,
				AA000002AABBCCDD00000015 /* ShortcutRecorderButton.swift */,
			);
			path = Settings;
			sourceTree = "<group>";
		};
		DEDD8107F3DA9BF1E1B0DA2C /* Sidebar */ = {
			isa = PBXGroup;
			children = (
				CC000002AABBCCDD00000007 /* SidebarCellView.swift */,
				CC000002AABBCCDD0000000A /* SidebarContainerView.swift */,
				CC000002AABBCCDD00000003 /* SidebarItemIconView.swift */,
				CC000002AABBCCDD00000099 /* SidebarInfoBadge.swift */,
				CC000002AABBCCDD00000005 /* SidebarNodeItem.swift */,
				CC000002AABBCCDD00000008 /* SidebarNodeRow.swift */,
				CC000002AABBCCDD00000009 /* SidebarOutlineView.swift */,
				CC000002AABBCCDD00000006 /* SidebarRowView.swift */,
				CC000002AABBCCDD0000000B /* SidebarCoordinator.swift */,
				CC000002AABBCCDD0000000C /* WorkspaceOutlineSidebar.swift */,
				E8354D57B9898A0C0ADBD959 /* WorkspaceSidebarView.swift */,
			);
			path = Sidebar;
			sourceTree = "<group>";
		};
		E71CA3D79F1468B502EBB2AC /* Frameworks */ = {
			isa = PBXGroup;
			children = (
				AC606574E1DF3045291D300B /* GhosttyKit.xcframework */,
			);
			name = Frameworks;
			sourceTree = "<group>";
		};
		EBB92766421BAEA842EC833C /* Ghostty */ = {
			isa = PBXGroup;
			children = (
				16FE9D700089232316516F73 /* TreemuxGhosttyBootstrap.swift */,
				E993B2E72B0AA5FA2CD8F136 /* TreemuxGhosttyClipboardSupport.swift */,
				3B99E6A1366954D8A221B273 /* TreemuxGhosttyController.swift */,
				3F2AF4BADCEBABA624578341 /* TreemuxGhosttyControllerRegistry.swift */,
				755FE81839DE8C99362EBC0E /* TreemuxGhosttyInputSupport.swift */,
				92B0D1DFEE9B34109844D751 /* TreemuxGhosttyLogFilter.swift */,
				BB01B85899C7236D215CECDD /* TreemuxGhosttyResourcePaths.swift */,
				A8C126FDBE3B3FC26672AF2F /* TreemuxGhosttyRuntime.swift */,
				F59B5026A96BF865D41D0890 /* TreemuxGhosttyShellIntegration.swift */,
			);
			path = Ghostty;
			sourceTree = "<group>";
		};
		FC59EC3A6A7A89BE0AD08F6E /* Services */ = {
			isa = PBXGroup;
			children = (
				00BDD3A331D12D95A7B20B1F /* AITool */,
				9C12B30F7DEBED747DCEF00C /* Git */,
				C43D9DD04BC56E98D500E75B /* Process */,
				DD000003SFTP00000001 /* SFTP */,
				BE2277342687AB8B24AA9973 /* SSH */,
				4C0772C0D286E3EC583553B3 /* Terminal */,
				27F87459BFC39581FCA8FA83 /* Tmux */,
			);
			path = Services;
			sourceTree = "<group>";
		};
		DD000003SFTP00000001 /* SFTP */ = {
			isa = PBXGroup;
			children = (
				DD000002SFTP00000001 /* SFTPDirectoryEntry.swift */,
				DD000002SFTP00000002 /* SFTPService.swift */,
			);
			path = SFTP;
			sourceTree = "<group>";
		};
/* End PBXGroup section */

/* Begin PBXNativeTarget section */
		9D99DC0B8D4984DC5E2A7F2A /* TreemuxTests */ = {
			isa = PBXNativeTarget;
			buildConfigurationList = 8209025C1B476EBD0828F070 /* Build configuration list for PBXNativeTarget "TreemuxTests" */;
			buildPhases = (
				2A29349C439320AE2622BC78 /* Sources */,
			);
			buildRules = (
			);
			dependencies = (
				4F7E1FC4F516DF933FF1AB9B /* PBXTargetDependency */,
			);
			name = TreemuxTests;
			packageProductDependencies = (
			);
			productName = TreemuxTests;
			productReference = 4650806EA154B4E2C20BAD0A /* TreemuxTests.xctest */;
			productType = "com.apple.product-type.bundle.unit-test";
		};
		E1AA74F162F2001DBAF20418 /* Treemux */ = {
			isa = PBXNativeTarget;
			buildConfigurationList = 0550504476B73DF89ECC1D30 /* Build configuration list for PBXNativeTarget "Treemux" */;
			buildPhases = (
				10C4D9AA561229E6D0479998 /* Sources */,
				B162AB0EFD17B244599623CE /* Frameworks */,
				AA000003AABBCCDD00000001 /* Resources */,
				3DB85CAF1AB463FE8582424A /* Copy Ghostty Resources */,
			);
			buildRules = (
			);
			dependencies = (
			);
			name = Treemux;
			packageProductDependencies = (
				AA110001CITADELPROD0001 /* Citadel */,
			);
			productName = Treemux;
			productReference = 6DD2CC0A8B9D60B36E1F8105 /* Treemux.app */;
			productType = "com.apple.product-type.application";
		};
/* End PBXNativeTarget section */

/* Begin PBXProject section */
		DDF338C428EA22394234AA6E /* Project object */ = {
			isa = PBXProject;
			attributes = {
				BuildIndependentTargetsInParallel = YES;
				LastUpgradeCheck = 1600;
				TargetAttributes = {
				};
			};
			buildConfigurationList = 86FF2123247027B149501C12 /* Build configuration list for PBXProject "Treemux" */;
			developmentRegion = en;
			hasScannedForEncodings = 0;
			knownRegions = (
				Base,
				en,
				"zh-Hans",
			);
			mainGroup = 4043C724F22F571520359C6A;
			minimizedProjectReferenceProxies = 1;
			packageReferences = (
				AA110002CITADELPKGREF01 /* XCRemoteSwiftPackageReference "Citadel" */,
			);
			preferredProjectObjectVersion = 77;
			productRefGroup = BBE024A13718132377BA6B12 /* Products */;
			projectDirPath = "";
			projectRoot = "";
			targets = (
				E1AA74F162F2001DBAF20418 /* Treemux */,
				9D99DC0B8D4984DC5E2A7F2A /* TreemuxTests */,
			);
		};
/* End PBXProject section */

/* Begin PBXShellScriptBuildPhase section */
		3DB85CAF1AB463FE8582424A /* Copy Ghostty Resources */ = {
			isa = PBXShellScriptBuildPhase;
			buildActionMask = 2147483647;
			files = (
			);
			inputFileListPaths = (
			);
			inputPaths = (
			);
			name = "Copy Ghostty Resources";
			outputFileListPaths = (
			);
			outputPaths = (
			);
			runOnlyForDeploymentPostprocessing = 0;
			shellPath = /bin/sh;
			shellScript = "set -e\nRESOURCE_ROOT=\"$TARGET_BUILD_DIR/$UNLOCALIZED_RESOURCES_FOLDER_PATH\"\nmkdir -p \"$RESOURCE_ROOT/ghostty\" \"$RESOURCE_ROOT/terminfo\"\nrsync -a \"$SRCROOT/Treemux/ghostty/\" \"$RESOURCE_ROOT/ghostty/\"\nrsync -a \"$SRCROOT/Treemux/terminfo/\" \"$RESOURCE_ROOT/terminfo/\"\n";
		};
/* End PBXShellScriptBuildPhase section */

/* Begin PBXResourcesBuildPhase section */
		AA000003AABBCCDD00000001 /* Resources */ = {
			isa = PBXResourcesBuildPhase;
			buildActionMask = 2147483647;
			files = (
				AA000001AABBCCDD00000006 /* Localizable.xcstrings in Resources */,
			);
			runOnlyForDeploymentPostprocessing = 0;
		};
/* End PBXResourcesBuildPhase section */

/* Begin PBXSourcesBuildPhase section */
		10C4D9AA561229E6D0479998 /* Sources */ = {
			isa = PBXSourcesBuildPhase;
			buildActionMask = 2147483647;
			files = (
				AA000001AABBCCDD0000000D /* AIToolModels.swift in Sources */,
				AA000001AABBCCDD0000000E /* AIToolService.swift in Sources */,
				6CF8F5C7195367C6516F863C /* AppDelegate.swift in Sources */,
				AA000001AABBCCDD00000002 /* Color+Hex.swift in Sources */,
				AA000001AABBCCDD00000010 /* CommandPaletteView.swift in Sources */,
				AA000001AABBCCDD00000005 /* LanguageManager.swift in Sources */,
				AA000001AABBCCDD0000000A /* OpenProjectSheet.swift in Sources */,
				AA000001AABBCCDD00000007 /* SSHConfigParser.swift in Sources */,
				AA000001AABBCCDD00000011 /* SettingsSheet.swift in Sources */,
				AA000001AABBCCDD00000015 /* ShortcutRecorderButton.swift in Sources */,
				AA000001AABBCCDD00000013 /* ShortcutAction.swift in Sources */,
				AA000001AABBCCDD00000012 /* StoredShortcut.swift in Sources */,
				AA000001AABBCCDD00000008 /* SSHConfigService.swift in Sources */,
				AA000001AABBCCDD00000001 /* ThemeDefinition.swift in Sources */,
				AA000001AABBCCDD00000003 /* ThemeManager.swift in Sources */,
				AA000001AABBCCDD00000014 /* TreemuxKeyboardShortcuts.swift in Sources */,
				AA000001AABBCCDD0000000B /* TmuxService.swift in Sources */,
				0DA3A254039F1EEA04FB94DB /* AppSettings.swift in Sources */,
				7BAFFB86D4EE2F43992E4808 /* AppSettingsPersistence.swift in Sources */,
				89007B331EC98C61510D046C /* GitRepositoryService.swift in Sources */,
				5695944A97F022496C2F055E /* MainWindowView.swift in Sources */,
				78942DBCD13BA394E9AC92CD /* PaneLayout.swift in Sources */,
				634F5C15FC031D133DEA6DC1 /* PathFormatting.swift in Sources */,
				E72FAED1376EB9235DA523BF /* SSHTarget.swift in Sources */,
				4F93E2B9A2A6EC003FCAB4BE /* SessionBackend.swift in Sources */,
				A7746DB757BF4458229659E0 /* SessionBackendLaunch.swift in Sources */,
				BB000001AABBCCDD00000020 /* ProcessTree.swift in Sources */,
				D5D2DCD282AEEBB8C4A6F532 /* ShellCommandRunner.swift in Sources */,
				A0AD5591657B555F176AEFD8 /* ShellSession.swift in Sources */,
				CC000001AABBCCDD00000001 /* SidebarIcon.swift in Sources */,
				CC000001AABBCCDD00000002 /* SidebarIconCatalog.swift in Sources */,
				CC000001AABBCCDD00000003 /* SidebarItemIconView.swift in Sources */,
				CC000001AABBCCDD00000099 /* SidebarInfoBadge.swift in Sources */,
				CC000001AABBCCDD00000004 /* SidebarIconCustomizationSheet.swift in Sources */,
				CC000001AABBCCDD00000005 /* SidebarNodeItem.swift in Sources */,
				CC000001AABBCCDD00000006 /* SidebarRowView.swift in Sources */,
				CC000001AABBCCDD00000007 /* SidebarCellView.swift in Sources */,
				CC000001AABBCCDD00000008 /* SidebarNodeRow.swift in Sources */,
				CC000001AABBCCDD00000009 /* SidebarOutlineView.swift in Sources */,
				CC000001AABBCCDD0000000A /* SidebarContainerView.swift in Sources */,
				CC000001AABBCCDD0000000B /* SidebarCoordinator.swift in Sources */,
				CC000001AABBCCDD0000000C /* WorkspaceOutlineSidebar.swift in Sources */,
				DD000001SFTP00000001 /* SFTPDirectoryEntry.swift in Sources */,
				DD000001SFTP00000002 /* SFTPService.swift in Sources */,
				BCEB4C8CE71A07F316E67D13 /* SplitDivider.swift in Sources */,
				3342176CAA82F4D5A9EA3AC0 /* SplitNodeView.swift in Sources */,
				7405B7C02F6B819CB0A772E5 /* String+Helpers.swift in Sources */,
				44D9A39F7E62E88E88ED2DAD /* TerminalHostView.swift in Sources */,
				BF9448F0B1E9C5D3B71C956C /* TerminalPaneView.swift in Sources */,
				598A1C4D4191754CBAE49BF4 /* TerminalSurface.swift in Sources */,
				439B7154F34CC1DC69D74A6E /* TreemuxApp.swift in Sources */,
				3C1F3562DE4FA89E8C580B30 /* TreemuxGhosttyBootstrap.swift in Sources */,
				CD969404DE603FC36B6116DA /* TreemuxGhosttyClipboardSupport.swift in Sources */,
				194928F8929DB9A37A2B9B96 /* TreemuxGhosttyController.swift in Sources */,
				A3A9D3AC7CCAEB6DA3B2D92D /* TreemuxGhosttyControllerRegistry.swift in Sources */,
				EDB4207DA8056D870E9EA844 /* TreemuxGhosttyInputSupport.swift in Sources */,
				6AC7580CF74D588D2D19BF03 /* TreemuxGhosttyLogFilter.swift in Sources */,
				423A99DD3918742FC88745B3 /* TreemuxGhosttyResourcePaths.swift in Sources */,
				9DB5A3B694A7A2D4D0248724 /* TreemuxGhosttyRuntime.swift in Sources */,
				527270F31405E3CCEFE8CF79 /* TreemuxGhosttyShellIntegration.swift in Sources */,
				04885DA006A7F9D402450132 /* WindowContext.swift in Sources */,
				320E9CBA68B37DFD4F22711A /* WorkspaceDetailView.swift in Sources */,
				BF6AC7D0EC7DBA0469366D91 /* WorkspaceMetadataWatchService.swift in Sources */,
				C8D4F2A15E3B79061A8DC492 /* WorkspaceTabBarView.swift in Sources */,
				E9F1A73C6B4D85E20839CD54 /* EmptyTabStateView.swift in Sources */,
				F53BBCE71ADC60E6B6F3BAE2 /* WorkspaceModels.swift in Sources */,
				3AEFD19DA77CAC18BB8B842B /* WorkspaceSessionController.swift in Sources */,
				3C1BD4702DECC75E0A4ABD1A /* WorkspaceSidebarView.swift in Sources */,
				A9E5418401517BC5CBD9EC92 /* WorkspaceStatePersistence.swift in Sources */,
				2378FC48E7C0FDF16337AE95 /* WorkspaceStore.swift in Sources */,
				28E15CC897C8BE956B0DCF02 /* main.swift in Sources */,
			);
			runOnlyForDeploymentPostprocessing = 0;
		};
		2A29349C439320AE2622BC78 /* Sources */ = {
			isa = PBXSourcesBuildPhase;
			buildActionMask = 2147483647;
			files = (
				AA000001AABBCCDD0000000F /* AIToolServiceTests.swift in Sources */,
				9C689BD0883C82F0D099878B /* GitRepositoryServiceTests.swift in Sources */,
				AA000001AABBCCDD00000009 /* SSHConfigParserTests.swift in Sources */,
				AA000001AABBCCDD0000000C /* TmuxServiceTests.swift in Sources */,
				AA000001AABBCCDD00000004 /* ThemeTests.swift in Sources */,
				5BE675E29A6A2B29C647BB5E /* PaneLayoutTests.swift in Sources */,
				309F402A9FFCA18BA24D7BD4 /* PersistenceTests.swift in Sources */,
				2C0D2D1CDB0C7DDD9C2487E9 /* SessionBackendTests.swift in Sources */,
				BB000001AABBCCDD00000021 /* ProcessTreeTests.swift in Sources */,
				14559BCDE89A0A2CA5FD8022 /* ShellCommandRunnerTests.swift in Sources */,
				773C04A53173491BBC17E3EC /* TreemuxTabSizingTests.swift in Sources */,
				CA8A454F37FDDB71C48B6069 /* TreemuxTests.swift in Sources */,
				8F9B78336B7C0422AD8E4D0B /* WorkspaceModelsTests.swift in Sources */,
			);
			runOnlyForDeploymentPostprocessing = 0;
		};
/* End PBXSourcesBuildPhase section */

/* Begin PBXTargetDependency section */
		4F7E1FC4F516DF933FF1AB9B /* PBXTargetDependency */ = {
			isa = PBXTargetDependency;
			target = E1AA74F162F2001DBAF20418 /* Treemux */;
			targetProxy = 6F22789832021D28886E3959 /* PBXContainerItemProxy */;
		};
/* End PBXTargetDependency section */

/* Begin XCBuildConfiguration section */
		09B0647A8A0286FC6C00CD8D /* Release */ = {
			isa = XCBuildConfiguration;
			buildSettings = {
				ASSETCATALOG_COMPILER_APPICON_NAME = AppIcon;
				COMBINE_HIDPI_IMAGES = YES;
				ENABLE_APP_SANDBOX = NO;
				ENABLE_HARDENED_RUNTIME = YES;
				ENABLE_USER_SCRIPT_SANDBOXING = NO;
				FRAMEWORK_SEARCH_PATHS = (
					"$(inherited)",
					"\"Treemux/Vendor\"",
				);
				INFOPLIST_FILE = Treemux/Info.plist;
				LD_RUNPATH_SEARCH_PATHS = (
					"$(inherited)",
					"@executable_path/../Frameworks",
				);
				OTHER_LDFLAGS = (
					"-lc++",
					"-framework",
					Carbon,
				);
				PRODUCT_BUNDLE_IDENTIFIER = com.batchzero.treemux;
				PRODUCT_NAME = Treemux;
				SDKROOT = macosx;
			};
			name = Release;
		};
		1E171BC45CA6D9E42D4AFB43 /* Release */ = {
			isa = XCBuildConfiguration;
			buildSettings = {
				BUNDLE_LOADER = "$(TEST_HOST)";
				COMBINE_HIDPI_IMAGES = YES;
				GENERATE_INFOPLIST_FILE = YES;
				LD_RUNPATH_SEARCH_PATHS = (
					"$(inherited)",
					"@executable_path/../Frameworks",
					"@loader_path/../Frameworks",
				);
				PRODUCT_BUNDLE_IDENTIFIER = com.batchzero.treemux.tests;
				SDKROOT = macosx;
				TEST_HOST = "$(BUILT_PRODUCTS_DIR)/Treemux.app/Contents/MacOS/Treemux";
			};
			name = Release;
		};
		45196B6A756423613326B67B /* Debug */ = {
			isa = XCBuildConfiguration;
			buildSettings = {
				BUNDLE_LOADER = "$(TEST_HOST)";
				COMBINE_HIDPI_IMAGES = YES;
				GENERATE_INFOPLIST_FILE = YES;
				LD_RUNPATH_SEARCH_PATHS = (
					"$(inherited)",
					"@executable_path/../Frameworks",
					"@loader_path/../Frameworks",
				);
				PRODUCT_BUNDLE_IDENTIFIER = com.batchzero.treemux.tests;
				SDKROOT = macosx;
				TEST_HOST = "$(BUILT_PRODUCTS_DIR)/Treemux.app/Contents/MacOS/Treemux";
			};
			name = Debug;
		};
		94F6199D7205907B8C6BBE53 /* Debug */ = {
			isa = XCBuildConfiguration;
			buildSettings = {
				ALWAYS_SEARCH_USER_PATHS = NO;
				CLANG_ANALYZER_NONNULL = YES;
				CLANG_ANALYZER_NUMBER_OBJECT_CONVERSION = YES_AGGRESSIVE;
				CLANG_CXX_LANGUAGE_STANDARD = "gnu++14";
				CLANG_CXX_LIBRARY = "libc++";
				CLANG_ENABLE_MODULES = YES;
				CLANG_ENABLE_OBJC_ARC = YES;
				CLANG_ENABLE_OBJC_WEAK = YES;
				CLANG_WARN_BLOCK_CAPTURE_AUTORELEASING = YES;
				CLANG_WARN_BOOL_CONVERSION = YES;
				CLANG_WARN_COMMA = YES;
				CLANG_WARN_CONSTANT_CONVERSION = YES;
				CLANG_WARN_DEPRECATED_OBJC_IMPLEMENTATIONS = YES;
				CLANG_WARN_DIRECT_OBJC_ISA_USAGE = YES_ERROR;
				CLANG_WARN_DOCUMENTATION_COMMENTS = YES;
				CLANG_WARN_EMPTY_BODY = YES;
				CLANG_WARN_ENUM_CONVERSION = YES;
				CLANG_WARN_INFINITE_RECURSION = YES;
				CLANG_WARN_INT_CONVERSION = YES;
				CLANG_WARN_NON_LITERAL_NULL_CONVERSION = YES;
				CLANG_WARN_OBJC_IMPLICIT_RETAIN_SELF = YES;
				CLANG_WARN_OBJC_LITERAL_CONVERSION = YES;
				CLANG_WARN_OBJC_ROOT_CLASS = YES_ERROR;
				CLANG_WARN_QUOTED_INCLUDE_IN_FRAMEWORK_HEADER = YES;
				CLANG_WARN_RANGE_LOOP_ANALYSIS = YES;
				CLANG_WARN_STRICT_PROTOTYPES = YES;
				CLANG_WARN_SUSPICIOUS_MOVE = YES;
				CLANG_WARN_UNGUARDED_AVAILABILITY = YES_AGGRESSIVE;
				CLANG_WARN_UNREACHABLE_CODE = YES;
				CLANG_WARN__DUPLICATE_METHOD_MATCH = YES;
				COPY_PHASE_STRIP = NO;
				CURRENT_PROJECT_VERSION = 1;
				DEBUG_INFORMATION_FORMAT = dwarf;
				ENABLE_STRICT_OBJC_MSGSEND = YES;
				ENABLE_TESTABILITY = YES;
				GCC_C_LANGUAGE_STANDARD = gnu11;
				GCC_DYNAMIC_NO_PIC = NO;
				GCC_NO_COMMON_BLOCKS = YES;
				GCC_OPTIMIZATION_LEVEL = 0;
				GCC_PREPROCESSOR_DEFINITIONS = (
					"$(inherited)",
					"DEBUG=1",
				);
				GCC_WARN_64_TO_32_BIT_CONVERSION = YES;
				GCC_WARN_ABOUT_RETURN_TYPE = YES_ERROR;
				GCC_WARN_UNDECLARED_SELECTOR = YES;
				GCC_WARN_UNINITIALIZED_AUTOS = YES_AGGRESSIVE;
				GCC_WARN_UNUSED_FUNCTION = YES;
				GCC_WARN_UNUSED_VARIABLE = YES;
				MACOSX_DEPLOYMENT_TARGET = 15.0;
				MARKETING_VERSION = 0.1.0;
				MTL_ENABLE_DEBUG_INFO = INCLUDE_SOURCE;
				MTL_FAST_MATH = YES;
				ONLY_ACTIVE_ARCH = YES;
				PRODUCT_NAME = "$(TARGET_NAME)";
				SDKROOT = macosx;
				SWIFT_ACTIVE_COMPILATION_CONDITIONS = DEBUG;
				SWIFT_OPTIMIZATION_LEVEL = "-Onone";
				SWIFT_VERSION = 5;
			};
			name = Debug;
		};
		BF1AFD98341C6C4BF6525D78 /* Release */ = {
			isa = XCBuildConfiguration;
			buildSettings = {
				ALWAYS_SEARCH_USER_PATHS = NO;
				CLANG_ANALYZER_NONNULL = YES;
				CLANG_ANALYZER_NUMBER_OBJECT_CONVERSION = YES_AGGRESSIVE;
				CLANG_CXX_LANGUAGE_STANDARD = "gnu++14";
				CLANG_CXX_LIBRARY = "libc++";
				CLANG_ENABLE_MODULES = YES;
				CLANG_ENABLE_OBJC_ARC = YES;
				CLANG_ENABLE_OBJC_WEAK = YES;
				CLANG_WARN_BLOCK_CAPTURE_AUTORELEASING = YES;
				CLANG_WARN_BOOL_CONVERSION = YES;
				CLANG_WARN_COMMA = YES;
				CLANG_WARN_CONSTANT_CONVERSION = YES;
				CLANG_WARN_DEPRECATED_OBJC_IMPLEMENTATIONS = YES;
				CLANG_WARN_DIRECT_OBJC_ISA_USAGE = YES_ERROR;
				CLANG_WARN_DOCUMENTATION_COMMENTS = YES;
				CLANG_WARN_EMPTY_BODY = YES;
				CLANG_WARN_ENUM_CONVERSION = YES;
				CLANG_WARN_INFINITE_RECURSION = YES;
				CLANG_WARN_INT_CONVERSION = YES;
				CLANG_WARN_NON_LITERAL_NULL_CONVERSION = YES;
				CLANG_WARN_OBJC_IMPLICIT_RETAIN_SELF = YES;
				CLANG_WARN_OBJC_LITERAL_CONVERSION = YES;
				CLANG_WARN_OBJC_ROOT_CLASS = YES_ERROR;
				CLANG_WARN_QUOTED_INCLUDE_IN_FRAMEWORK_HEADER = YES;
				CLANG_WARN_RANGE_LOOP_ANALYSIS = YES;
				CLANG_WARN_STRICT_PROTOTYPES = YES;
				CLANG_WARN_SUSPICIOUS_MOVE = YES;
				CLANG_WARN_UNGUARDED_AVAILABILITY = YES_AGGRESSIVE;
				CLANG_WARN_UNREACHABLE_CODE = YES;
				CLANG_WARN__DUPLICATE_METHOD_MATCH = YES;
				COPY_PHASE_STRIP = NO;
				CURRENT_PROJECT_VERSION = 1;
				DEBUG_INFORMATION_FORMAT = "dwarf-with-dsym";
				ENABLE_NS_ASSERTIONS = NO;
				ENABLE_STRICT_OBJC_MSGSEND = YES;
				GCC_C_LANGUAGE_STANDARD = gnu11;
				GCC_NO_COMMON_BLOCKS = YES;
				GCC_WARN_64_TO_32_BIT_CONVERSION = YES;
				GCC_WARN_ABOUT_RETURN_TYPE = YES_ERROR;
				GCC_WARN_UNDECLARED_SELECTOR = YES;
				GCC_WARN_UNINITIALIZED_AUTOS = YES_AGGRESSIVE;
				GCC_WARN_UNUSED_FUNCTION = YES;
				GCC_WARN_UNUSED_VARIABLE = YES;
				MACOSX_DEPLOYMENT_TARGET = 15.0;
				MARKETING_VERSION = 0.1.0;
				MTL_ENABLE_DEBUG_INFO = NO;
				MTL_FAST_MATH = YES;
				PRODUCT_NAME = "$(TARGET_NAME)";
				SDKROOT = macosx;
				SWIFT_COMPILATION_MODE = wholemodule;
				SWIFT_OPTIMIZATION_LEVEL = "-O";
				SWIFT_VERSION = 5;
			};
			name = Release;
		};
		C9363387FB99F8B887B0353E /* Debug */ = {
			isa = XCBuildConfiguration;
			buildSettings = {
				ASSETCATALOG_COMPILER_APPICON_NAME = AppIcon;
				COMBINE_HIDPI_IMAGES = YES;
				ENABLE_APP_SANDBOX = NO;
				ENABLE_HARDENED_RUNTIME = YES;
				ENABLE_USER_SCRIPT_SANDBOXING = NO;
				FRAMEWORK_SEARCH_PATHS = (
					"$(inherited)",
					"\"Treemux/Vendor\"",
				);
				INFOPLIST_FILE = Treemux/Info.plist;
				LD_RUNPATH_SEARCH_PATHS = (
					"$(inherited)",
					"@executable_path/../Frameworks",
				);
				OTHER_LDFLAGS = (
					"-lc++",
					"-framework",
					Carbon,
				);
				PRODUCT_BUNDLE_IDENTIFIER = com.batchzero.treemux;
				PRODUCT_NAME = Treemux;
				SDKROOT = macosx;
			};
			name = Debug;
		};
/* End XCBuildConfiguration section */

/* Begin XCConfigurationList section */
		0550504476B73DF89ECC1D30 /* Build configuration list for PBXNativeTarget "Treemux" */ = {
			isa = XCConfigurationList;
			buildConfigurations = (
				C9363387FB99F8B887B0353E /* Debug */,
				09B0647A8A0286FC6C00CD8D /* Release */,
			);
			defaultConfigurationIsVisible = 0;
			defaultConfigurationName = Debug;
		};
		8209025C1B476EBD0828F070 /* Build configuration list for PBXNativeTarget "TreemuxTests" */ = {
			isa = XCConfigurationList;
			buildConfigurations = (
				45196B6A756423613326B67B /* Debug */,
				1E171BC45CA6D9E42D4AFB43 /* Release */,
			);
			defaultConfigurationIsVisible = 0;
			defaultConfigurationName = Debug;
		};
		86FF2123247027B149501C12 /* Build configuration list for PBXProject "Treemux" */ = {
			isa = XCConfigurationList;
			buildConfigurations = (
				94F6199D7205907B8C6BBE53 /* Debug */,
				BF1AFD98341C6C4BF6525D78 /* Release */,
			);
			defaultConfigurationIsVisible = 0;
			defaultConfigurationName = Debug;
		};
/* End XCConfigurationList section */

/* Begin XCRemoteSwiftPackageReference section */
		AA110002CITADELPKGREF01 /* XCRemoteSwiftPackageReference "Citadel" */ = {
			isa = XCRemoteSwiftPackageReference;
			repositoryURL = "https://github.com/orlandos-nl/Citadel";
			requirement = {
				kind = upToNextMajorVersion;
				minimumVersion = 0.9.2;
			};
		};
/* End XCRemoteSwiftPackageReference section */

/* Begin XCSwiftPackageProductDependency section */
		AA110001CITADELPROD0001 /* Citadel */ = {
			isa = XCSwiftPackageProductDependency;
			package = AA110002CITADELPKGREF01 /* XCRemoteSwiftPackageReference "Citadel" */;
			productName = Citadel;
		};
/* End XCSwiftPackageProductDependency section */
	};
	rootObject = DDF338C428EA22394234AA6E /* Project object */;
}
